{
  "pins" : [
    {
      "identity" : "json-logic-swift",
      "kind" : "remoteSourceControl",
      "location" : "https://github.com/advantagefse/json-logic-swift",
      "state" : {
        "revision" : "9088eed1b26937fe13d248aa24d7632a51be28e2",
        "version" : "1.2.4"
      }
    },
    {
      "identity" : "mixpanel-swift",
      "kind" : "remoteSourceControl",
      "location" : "https://github.com/mixpanel/mixpanel-swift.git",
      "state" : {
        "revision" : "8399b37fca5717ba8701e0d2af26b98ce48bcaf3",
        "version" : "6.5.1"
      }
    },
    {
      "identity" : "mixpanel-swift-common",
      "kind" : "remoteSourceControl",
      "location" : "https://github.com/mixpanel/mixpanel-swift-common.git",
      "state" : {
        "revision" : "72626df0ef90df6a27c2c3624197b70dbcc618ed",
        "version" : "1.1.0"
      }
    }
  ],
  "version" : 2
}
